
Microsoft Visual Studio Solution File, Format Version 12.00
# Visual Studio Version 16
VisualStudioVersion = 16.0.30204.135
MinimumVisualStudioVersion = 10.0.40219.1
Project("{FAE04EC0-301F-11D3-BF4B-00C04F79EFBC}") = "Quest-Spectator", "Quest-Spectator\Quest-Spectator.csproj", "{01FE69F1-1B83-4F0C-B86A-2C24BB6C5068}"
EndProject
Global
	GlobalSection(SolutionConfigurationPlatforms) = preSolution
		Debug|Any CPU = Debug|Any CPU
		Release|Any CPU = Release|Any CPU
	EndGlobalSection
	GlobalSection(ProjectConfigurationPlatforms) = postSolution
		{01FE69F1-1B83-4F0C-B86A-2C24BB6C5068}.Debug|Any CPU.ActiveCfg = Debug|Any CPU
		{01FE69F1-1B83-4F0C-B86A-2C24BB6C5068}.Debug|Any CPU.Build.0 = Debug|Any CPU
		{01FE69F1-1B83-4F0C-B86A-2C24BB6C5068}.Release|Any CPU.ActiveCfg = Release|Any CPU
		{01FE69F1-1B83-4F0C-B86A-2C24BB6C5068}.Release|Any CPU.Build.0 = Release|Any CPU
	EndGlobalSection
	GlobalSection(SolutionProperties) = preSolution
		HideSolutionNode = FALSE
	EndGlobalSection
	GlobalSection(ExtensibilityGlobals) = postSolution
		SolutionGuid = {5A43182D-6628-4F47-ACBE-629AC2820780}
	EndGlobalSection
EndGlobal
